PODS:
  - Alamofire (4.6.0)
  - AlignedCollectionViewFlowLayout (1.1.2)
  - Cloudinary (2.3.0):
    - Alamofire (~> 4.6.0)
  - DPMeterView (1.0.1)
  - DynamicBlurView (2.0.2)
  - GrowingTextView (0.5.6)
  - HexColors (6.0.0)
  - HMSegmentedControl (1.5.3)
  - IQKeyboardManagerSwift (6.0.2)
  - Koloda (4.3.1):
    - pop (~> 1.0)
  - MXPagerView (0.2.1)
  - MXParallaxHeader (0.6.1)
  - MXSegmentedPager (3.3.0):
    - HMSegmentedControl (= 1.5.3)
    - MXPagerView (= 0.2.1)
    - MXParallaxHeader (= 0.6.1)
  - pop (1.0.10)
  - PopupDialog (0.7.1):
    - DynamicBlurView (~> 2.0)
  - SBPickerSelector (1.2.0)
  - SDWebImage (4.3.3):
    - SDWebImage/Core (= 4.3.3)
  - SDWebImage/Core (4.3.3)
  - SkyFloatingLabelTextField (3.5.1)
  - SwiftMessages (4.1.2)
  - SwiftyJSON (4.1.0)
  - SwipeCellKit (2.4.3)
  - "UIViewController+KeyboardAnimation (1.3)"

DEPENDENCIES:
  - Alamofire (~> 4.6)
  - AlignedCollectionViewFlowLayout (~> 1.1.1)
  - Cloudinary (~> 2.3)
  - DPMeterView (~> 1.0)
  - GrowingTextView (~> 0.5)
  - HexColors (~> 6.0)
  - IQKeyboardManagerSwift (~> 6.0.0)
  - Koloda (~> 4.3)
  - MXSegmentedPager (~> 3.3)
  - PopupDialog (~> 0.7)
  - SBPickerSelector (~> 1.2)
  - SDWebImage (~> 4.3)
  - SkyFloatingLabelTextField (~> 3.5.1)
  - SwiftMessages (~> 4.1)
  - SwiftyJSON (~> 4.0)
  - SwipeCellKit (~> 2.4.3)
  - "UIViewController+KeyboardAnimation (~> 1.3)"

SPEC REPOS:
  https://github.com/cocoapods/specs.git:
    - Alamofire
    - AlignedCollectionViewFlowLayout
    - Cloudinary
    - DPMeterView
    - DynamicBlurView
    - GrowingTextView
    - HexColors
    - HMSegmentedControl
    - IQKeyboardManagerSwift
    - Koloda
    - MXPagerView
    - MXParallaxHeader
    - MXSegmentedPager
    - pop
    - PopupDialog
    - SBPickerSelector
    - SDWebImage
    - SkyFloatingLabelTextField
    - SwiftMessages
    - SwiftyJSON
    - SwipeCellKit
    - "UIViewController+KeyboardAnimation"

SPEC CHECKSUMS:
  Alamofire: f41a599bd63041760b26d393ec1069d9d7b917f4
  AlignedCollectionViewFlowLayout: ee2ef451e741ec08f8e0967d828001e2f051c20a
  Cloudinary: fd611d907bd6608f3556c40673b628e466809816
  DPMeterView: f6a917eaec2b2ef7844cb43f2ce2c6ac4b4abc85
  DynamicBlurView: aa6db4defc6e537eb86fc5e58dd3991666178399
  GrowingTextView: 8958f4fb7419de58dd622021b2d0696487e00e70
  HexColors: f8c66339541a74bb08905bfe7cd4f8cc85e9e173
  HMSegmentedControl: 7c6145afb50f26cec5f3243082f6f12b9f41318f
  IQKeyboardManagerSwift: 59d4b0e140bc546c3c76ae5bb35b3dafd10b8172
  Koloda: 0d39b2aa188ccd1fac48d752acaf9802e683c625
  MXPagerView: ede184b5191b2ed689ccf05a750a9978cce42414
  MXParallaxHeader: 858c403532ed933b381556a81ce333d7065ad182
  MXSegmentedPager: a35ebaf939e1629f24db3bb26653c1c557362f59
  pop: 82ca6b068ce9278fd350fd9dd09482a0ce9492e6
  PopupDialog: 39598b7d41719f5c025b4b70e62728bae7734fef
  SBPickerSelector: ca8defc713bf229a35a06100ba2e6e96c424ac6a
  SDWebImage: de4d90b5bff3571eae7bd16202b1f43135409fa5
  SkyFloatingLabelTextField: 4cbeece9c3aae97c6019d8fae511cb5b755874f7
  SwiftMessages: d81f48c1f8b6bc1dbebdfffe11226f0344f937ca
  SwiftyJSON: c29297daf073d2aa016295d5809cdd68045c39b3
  SwipeCellKit: cee9906e6d3a36e22ad1a852fba7f8fa0839d113
  "UIViewController+KeyboardAnimation": 4c6000b4a2e450a6105f007f96bb7142aebed220

PODFILE CHECKSUM: 4b01caad757f62348995de1fcc5c59cc3933a90b

COCOAPODS: 1.5.3
